{
  "version": 4,
  "terraform_version": "1.5.7",
  "serial": 52,
  "lineage": "d9d1de47-18c5-101b-5420-2055e61f7f6d",
  "outputs": {
    "ec2_public_ip": {
      "value": "10.0.16.30",
      "type": "string"
    },
    "rds_endpoint": {
      "value": "terraform-20240914192402657700000001.c49cstty0b0t.us-east-1.rds.amazonaws.com:3306",
      "type": "string"
    }
  },
  "resources": [
    {
      "mode": "managed",
      "type": "aws_db_instance",
      "name": "mysql",
      "provider": "provider[\"registry.terraform.io/hashicorp/aws\"]",
      "instances": [
        {
          "schema_version": 2,
          "attributes": {
            "address": "terraform-20240914192402657700000001.c49cstty0b0t.us-east-1.rds.amazonaws.com",
            "allocated_storage": 20,
            "allow_major_version_upgrade": null,
            "apply_immediately": false,
            "arn": "arn:aws:rds:us-east-1:312438996097:db:terraform-20240914192402657700000001",
            "auto_minor_version_upgrade": true,
            "availability_zone": "us-east-1a",
            "backup_retention_period": 0,
            "backup_target": "region",
            "backup_window": "06:57-07:27",
            "blue_green_update": [],
            "ca_cert_identifier": "rds-ca-rsa2048-g1",
            "character_set_name": "",
            "copy_tags_to_snapshot": false,
            "custom_iam_instance_profile": "",
            "customer_owned_ip_enabled": false,
            "db_name": "myappdb",
            "db_subnet_group_name": "main_db_subnet_group",
            "dedicated_log_volume": false,
            "delete_automated_backups": true,
            "deletion_protection": false,
            "domain": "",
            "domain_auth_secret_arn": "",
            "domain_dns_ips": [],
            "domain_fqdn": "",
            "domain_iam_role_name": "",
            "domain_ou": "",
            "enabled_cloudwatch_logs_exports": [],
            "endpoint": "terraform-20240914192402657700000001.c49cstty0b0t.us-east-1.rds.amazonaws.com:3306",
            "engine": "mysql",
            "engine_lifecycle_support": "open-source-rds-extended-support",
            "engine_version": "8.0.35",
            "engine_version_actual": "8.0.35",
            "final_snapshot_identifier": null,
            "hosted_zone_id": "Z2R2ITUGPM61AM",
            "iam_database_authentication_enabled": false,
            "id": "db-AWCSPVHCI66PZKDZIEE2KCTIN4",
            "identifier": "terraform-20240914192402657700000001",
            "identifier_prefix": "terraform-",
            "instance_class": "db.t3.micro",
            "iops": 0,
            "kms_key_id": "",
            "latest_restorable_time": "",
            "license_model": "general-public-license",
            "listener_endpoint": [],
            "maintenance_window": "fri:10:11-fri:10:41",
            "manage_master_user_password": null,
            "master_user_secret": [],
            "master_user_secret_kms_key_id": null,
            "max_allocated_storage": 0,
            "monitoring_interval": 0,
            "monitoring_role_arn": "",
            "multi_az": false,
            "nchar_character_set_name": "",
            "network_type": "IPV4",
            "option_group_name": "default:mysql-8-0",
            "parameter_group_name": "default.mysql8.0",
            "password": "password123",
            "performance_insights_enabled": false,
            "performance_insights_kms_key_id": "",
            "performance_insights_retention_period": 0,
            "port": 3306,
            "publicly_accessible": false,
            "replica_mode": "",
            "replicas": [],
            "replicate_source_db": "",
            "resource_id": "db-AWCSPVHCI66PZKDZIEE2KCTIN4",
            "restore_to_point_in_time": [],
            "s3_import": [],
            "skip_final_snapshot": true,
            "snapshot_identifier": null,
            "status": "available",
            "storage_encrypted": false,
            "storage_throughput": 0,
            "storage_type": "gp2",
            "tags": {
              "Name": "MySQL Database"
            },
            "tags_all": {
              "Name": "MySQL Database"
            },
            "timeouts": null,
            "timezone": "",
            "upgrade_storage_config": null,
            "username": "admin",
            "vpc_security_group_ids": [
              "sg-011bf59bc29e945fa"
            ]
          },
          "sensitive_attributes": [
            [
              {
                "type": "get_attr",
                "value": "password"
              }
            ]
          ],
          "private": "eyJlMmJmYjczMC1lY2FhLTExZTYtOGY4OC0zNDM2M2JjN2M0YzAiOnsiY3JlYXRlIjoyNDAwMDAwMDAwMDAwLCJkZWxldGUiOjM2MDAwMDAwMDAwMDAsInVwZGF0ZSI6NDgwMDAwMDAwMDAwMH0sInNjaGVtYV92ZXJzaW9uIjoiMiJ9",
          "dependencies": [
            "aws_db_subnet_group.db_subnet",
            "aws_security_group.db_sg",
            "aws_security_group.web_sg",
            "aws_subnet.public_subnet_1",
            "aws_subnet.public_subnet_2",
            "aws_vpc.main_vpc"
          ]
        }
      ]
    },
    {
      "mode": "managed",
      "type": "aws_db_subnet_group",
      "name": "db_subnet",
      "provider": "provider[\"registry.terraform.io/hashicorp/aws\"]",
      "instances": [
        {
          "schema_version": 0,
          "attributes": {
            "arn": "arn:aws:rds:us-east-1:312438996097:subgrp:main_db_subnet_group",
            "description": "Managed by Terraform",
            "id": "main_db_subnet_group",
            "name": "main_db_subnet_group",
            "name_prefix": "",
            "subnet_ids": [
              "subnet-0dc4fa8e779d1ad59",
              "subnet-0fa8fab62bf17ca5f"
            ],
            "supported_network_types": [
              "IPV4"
            ],
            "tags": {
              "Name": "DB Subnet Group"
            },
            "tags_all": {
              "Name": "DB Subnet Group"
            },
            "vpc_id": "vpc-0db23ae6a8cec022b"
          },
          "sensitive_attributes": [],
          "private": "bnVsbA==",
          "dependencies": [
            "aws_subnet.public_subnet_1",
            "aws_subnet.public_subnet_2",
            "aws_vpc.main_vpc"
          ]
        }
      ]
    },
    {
      "mode": "managed",
      "type": "aws_instance",
      "name": "web_server",
      "provider": "provider[\"registry.terraform.io/hashicorp/aws\"]",
      "instances": [
        {
          "schema_version": 1,
          "attributes": {
            "ami": "ami-02da9a12d66a6b8ef",
            "arn": "arn:aws:ec2:us-east-1:312438996097:instance/i-0bd18be4544546234",
            "associate_public_ip_address": false,
            "availability_zone": "us-east-1a",
            "capacity_reservation_specification": [
              {
                "capacity_reservation_preference": "open",
                "capacity_reservation_target": []
              }
            ],
            "cpu_core_count": 1,
            "cpu_options": [
              {
                "amd_sev_snp": "",
                "core_count": 1,
                "threads_per_core": 1
              }
            ],
            "cpu_threads_per_core": 1,
            "credit_specification": [
              {
                "cpu_credits": "standard"
              }
            ],
            "disable_api_stop": false,
            "disable_api_termination": false,
            "ebs_block_device": [],
            "ebs_optimized": false,
            "enclave_options": [
              {
                "enabled": false
              }
            ],
            "ephemeral_block_device": [],
            "get_password_data": false,
            "hibernation": false,
            "host_id": "",
            "host_resource_group_arn": null,
            "iam_instance_profile": "",
            "id": "i-0bd18be4544546234",
            "instance_initiated_shutdown_behavior": "stop",
            "instance_lifecycle": "",
            "instance_market_options": [],
            "instance_state": "running",
            "instance_type": "t2.micro",
            "ipv6_address_count": 0,
            "ipv6_addresses": [],
            "key_name": "my-generated-key-pair",
            "launch_template": [],
            "maintenance_options": [
              {
                "auto_recovery": "default"
              }
            ],
            "metadata_options": [
              {
                "http_endpoint": "enabled",
                "http_protocol_ipv6": "disabled",
                "http_put_response_hop_limit": 1,
                "http_tokens": "optional",
                "instance_metadata_tags": "disabled"
              }
            ],
            "monitoring": false,
            "network_interface": [],
            "outpost_arn": "",
            "password_data": "",
            "placement_group": "",
            "placement_partition_number": 0,
            "primary_network_interface_id": "eni-051bf7306cb257175",
            "private_dns": "ip-10-0-16-30.ec2.internal",
            "private_dns_name_options": [
              {
                "enable_resource_name_dns_a_record": false,
                "enable_resource_name_dns_aaaa_record": false,
                "hostname_type": "ip-name"
              }
            ],
            "private_ip": "10.0.16.30",
            "public_dns": "",
            "public_ip": "",
            "root_block_device": [
              {
                "delete_on_termination": true,
                "device_name": "/dev/sda1",
                "encrypted": false,
                "iops": 100,
                "kms_key_id": "",
                "tags": {},
                "tags_all": {},
                "throughput": 0,
                "volume_id": "vol-07347c4e2f3d6d70d",
                "volume_size": 8,
                "volume_type": "gp2"
              }
            ],
            "secondary_private_ips": [],
            "security_groups": [],
            "source_dest_check": true,
            "spot_instance_request_id": "",
            "subnet_id": "subnet-0fa8fab62bf17ca5f",
            "tags": {
              "Name": "WebServer"
            },
            "tags_all": {
              "Name": "WebServer"
            },
            "tenancy": "default",
            "timeouts": null,
            "user_data": null,
            "user_data_base64": null,
            "user_data_replace_on_change": false,
            "volume_tags": null,
            "vpc_security_group_ids": [
              "sg-06a7a03d1d71f2e07"
            ]
          },
          "sensitive_attributes": [],
          "private": "eyJlMmJmYjczMC1lY2FhLTExZTYtOGY4OC0zNDM2M2JjN2M0YzAiOnsiY3JlYXRlIjo2MDAwMDAwMDAwMDAsImRlbGV0ZSI6MTIwMDAwMDAwMDAwMCwicmVhZCI6OTAwMDAwMDAwMDAwLCJ1cGRhdGUiOjYwMDAwMDAwMDAwMH0sInNjaGVtYV92ZXJzaW9uIjoiMSJ9",
          "dependencies": [
            "aws_key_pair.generated_key_pair",
            "aws_security_group.web_sg",
            "aws_subnet.public_subnet_1",
            "aws_vpc.main_vpc",
            "tls_private_key.example"
          ]
        }
      ]
    },
    {
      "mode": "managed",
      "type": "aws_internet_gateway",
      "name": "igw",
      "provider": "provider[\"registry.terraform.io/hashicorp/aws\"]",
      "instances": [
        {
          "schema_version": 0,
          "attributes": {
            "arn": "arn:aws:ec2:us-east-1:312438996097:internet-gateway/igw-0912f997ddae6a555",
            "id": "igw-0912f997ddae6a555",
            "owner_id": "312438996097",
            "tags": {
              "Name": "main_internet_gateway"
            },
            "tags_all": {
              "Name": "main_internet_gateway"
            },
            "timeouts": null,
            "vpc_id": "vpc-0db23ae6a8cec022b"
          },
          "sensitive_attributes": [],
          "private": "eyJlMmJmYjczMC1lY2FhLTExZTYtOGY4OC0zNDM2M2JjN2M0YzAiOnsiY3JlYXRlIjoxMjAwMDAwMDAwMDAwLCJkZWxldGUiOjEyMDAwMDAwMDAwMDAsInVwZGF0ZSI6MTIwMDAwMDAwMDAwMH19",
          "dependencies": [
            "aws_vpc.main_vpc"
          ]
        }
      ]
    },
    {
      "mode": "managed",
      "type": "aws_key_pair",
      "name": "generated_key_pair",
      "provider": "provider[\"registry.terraform.io/hashicorp/aws\"]",
      "instances": [
        {
          "schema_version": 1,
          "attributes": {
            "arn": "arn:aws:ec2:us-east-1:312438996097:key-pair/my-generated-key-pair",
            "fingerprint": "07:c4:5c:a1:90:48:03:59:cf:d4:f5:ce:0b:44:bc:44",
            "id": "my-generated-key-pair",
            "key_name": "my-generated-key-pair",
            "key_name_prefix": "",
            "key_pair_id": "key-0003015bdb5a0266f",
            "key_type": "rsa",
            "public_key": "ssh-rsa AAAAB3NzaC1yc2EAAAADAQABAAACAQDCJnpDSASZfu3IOh616MLxVkVzDHNLFOaa2ufTWW2jeL7UxZE5syESoufkQijlJQKmB36h9laPw3fZEf5DDZzJNT5Shygpai5QIF4rGuuzHLYWTKSCSFIS0sRpQqRS0nHXbyWPcETcjCLmfDsxbxlCxINdr32Vg67s2+mzgVXKwjN/7o8iKLvT4+7tDBkm4HZBDbPDVqMp6uEt9SOy965oDgqVJtBMFnrQnNnwzE81ULY+HYFMJIqS0uDUa0vAj/cXILMRrAmicAdjNmvU3ZSyh0z53WQUmIl3x4Xc0O+fL7NhOVx+x/lXVu3HPYJKaB+dqwMOR+1sMNga5mGrrN2jWOZV/JEpyoua2zpY+jRN4Ivb1rnJW4EENaiW7UlchHruS/8a8k+q3+DxkhZJLJrGxRDEmMpjCVc9IEYUATT9f7kHYD80xFG9RPxET1sYB0rQs+MuTBMkpy8o54njwKDdsiVjWsZOx/8vqH+D7Do5YEjbmwS3DMhgKVjYQFPW+Cn5Kl4VHUVWEOyliRJ3fkuVVMAOxpL6RTyqZ1lQc2mAvPZRf99LFQGv1VpGgXvynin+HsdFf7KUcFPDLjZkaeHROd++144ENZ0UacricOT6RWQMBM/X5q38yZfLs0HHf7Z7juWC9cGj5cMDr6L9pufyCaFhcbliohrcr4d4vL4ygQ==",
            "tags": {},
            "tags_all": {}
          },
          "sensitive_attributes": [],
          "private": "eyJzY2hlbWFfdmVyc2lvbiI6IjEifQ==",
          "dependencies": [
            "tls_private_key.example"
          ]
        }
      ]
    },
    {
      "mode": "managed",
      "type": "aws_route_table",
      "name": "public_rt",
      "provider": "provider[\"registry.terraform.io/hashicorp/aws\"]",
      "instances": [
        {
          "schema_version": 0,
          "attributes": {
            "arn": "arn:aws:ec2:us-east-1:312438996097:route-table/rtb-0b1d26a4b9bf78e32",
            "id": "rtb-0b1d26a4b9bf78e32",
            "owner_id": "312438996097",
            "propagating_vgws": [],
            "route": [
              {
                "carrier_gateway_id": "",
                "cidr_block": "0.0.0.0/0",
                "core_network_arn": "",
                "destination_prefix_list_id": "",
                "egress_only_gateway_id": "",
                "gateway_id": "igw-0912f997ddae6a555",
                "ipv6_cidr_block": "",
                "local_gateway_id": "",
                "nat_gateway_id": "",
                "network_interface_id": "",
                "transit_gateway_id": "",
                "vpc_endpoint_id": "",
                "vpc_peering_connection_id": ""
              }
            ],
            "tags": {
              "Name": "public_route_table"
            },
            "tags_all": {
              "Name": "public_route_table"
            },
            "timeouts": null,
            "vpc_id": "vpc-0db23ae6a8cec022b"
          },
          "sensitive_attributes": [],
          "private": "eyJlMmJmYjczMC1lY2FhLTExZTYtOGY4OC0zNDM2M2JjN2M0YzAiOnsiY3JlYXRlIjozMDAwMDAwMDAwMDAsImRlbGV0ZSI6MzAwMDAwMDAwMDAwLCJ1cGRhdGUiOjEyMDAwMDAwMDAwMH19",
          "dependencies": [
            "aws_internet_gateway.igw",
            "aws_vpc.main_vpc"
          ]
        }
      ]
    },
    {
      "mode": "managed",
      "type": "aws_route_table_association",
      "name": "public_association_1",
      "provider": "provider[\"registry.terraform.io/hashicorp/aws\"]",
      "instances": [
        {
          "schema_version": 0,
          "attributes": {
            "gateway_id": "",
            "id": "rtbassoc-0ae6cde013264dcac",
            "route_table_id": "rtb-0b1d26a4b9bf78e32",
            "subnet_id": "subnet-0fa8fab62bf17ca5f",
            "timeouts": null
          },
          "sensitive_attributes": [],
          "private": "eyJlMmJmYjczMC1lY2FhLTExZTYtOGY4OC0zNDM2M2JjN2M0YzAiOnsiY3JlYXRlIjozMDAwMDAwMDAwMDAsImRlbGV0ZSI6MzAwMDAwMDAwMDAwLCJ1cGRhdGUiOjEyMDAwMDAwMDAwMH19",
          "dependencies": [
            "aws_internet_gateway.igw",
            "aws_route_table.public_rt",
            "aws_subnet.public_subnet_1",
            "aws_vpc.main_vpc"
          ]
        }
      ]
    },
    {
      "mode": "managed",
      "type": "aws_route_table_association",
      "name": "public_association_2",
      "provider": "provider[\"registry.terraform.io/hashicorp/aws\"]",
      "instances": [
        {
          "schema_version": 0,
          "attributes": {
            "gateway_id": "",
            "id": "rtbassoc-06bad4fcff36f31d0",
            "route_table_id": "rtb-0b1d26a4b9bf78e32",
            "subnet_id": "subnet-0dc4fa8e779d1ad59",
            "timeouts": null
          },
          "sensitive_attributes": [],
          "private": "eyJlMmJmYjczMC1lY2FhLTExZTYtOGY4OC0zNDM2M2JjN2M0YzAiOnsiY3JlYXRlIjozMDAwMDAwMDAwMDAsImRlbGV0ZSI6MzAwMDAwMDAwMDAwLCJ1cGRhdGUiOjEyMDAwMDAwMDAwMH19",
          "dependencies": [
            "aws_internet_gateway.igw",
            "aws_route_table.public_rt",
            "aws_subnet.public_subnet_2",
            "aws_vpc.main_vpc"
          ]
        }
      ]
    },
    {
      "mode": "managed",
      "type": "aws_security_group",
      "name": "db_sg",
      "provider": "provider[\"registry.terraform.io/hashicorp/aws\"]",
      "instances": [
        {
          "schema_version": 1,
          "attributes": {
            "arn": "arn:aws:ec2:us-east-1:312438996097:security-group/sg-011bf59bc29e945fa",
            "description": "Allow MySQL traffic from the EC2 instance",
            "egress": [
              {
                "cidr_blocks": [
                  "0.0.0.0/0"
                ],
                "description": "",
                "from_port": 0,
                "ipv6_cidr_blocks": [],
                "prefix_list_ids": [],
                "protocol": "-1",
                "security_groups": [],
                "self": false,
                "to_port": 0
              }
            ],
            "id": "sg-011bf59bc29e945fa",
            "ingress": [
              {
                "cidr_blocks": [],
                "description": "",
                "from_port": 3306,
                "ipv6_cidr_blocks": [],
                "prefix_list_ids": [],
                "protocol": "tcp",
                "security_groups": [
                  "sg-06a7a03d1d71f2e07"
                ],
                "self": false,
                "to_port": 3306
              }
            ],
            "name": "db_security_group",
            "name_prefix": "",
            "owner_id": "312438996097",
            "revoke_rules_on_delete": false,
            "tags": {
              "Name": "db_security_group"
            },
            "tags_all": {
              "Name": "db_security_group"
            },
            "timeouts": null,
            "vpc_id": "vpc-0db23ae6a8cec022b"
          },
          "sensitive_attributes": [],
          "private": "eyJlMmJmYjczMC1lY2FhLTExZTYtOGY4OC0zNDM2M2JjN2M0YzAiOnsiY3JlYXRlIjo2MDAwMDAwMDAwMDAsImRlbGV0ZSI6OTAwMDAwMDAwMDAwfSwic2NoZW1hX3ZlcnNpb24iOiIxIn0=",
          "dependencies": [
            "aws_security_group.web_sg",
            "aws_vpc.main_vpc"
          ]
        }
      ]
    },
    {
      "mode": "managed",
      "type": "aws_security_group",
      "name": "web_sg",
      "provider": "provider[\"registry.terraform.io/hashicorp/aws\"]",
      "instances": [
        {
          "schema_version": 1,
          "attributes": {
            "arn": "arn:aws:ec2:us-east-1:312438996097:security-group/sg-06a7a03d1d71f2e07",
            "description": "Allow HTTP and SSH inbound traffic",
            "egress": [
              {
                "cidr_blocks": [
                  "0.0.0.0/0"
                ],
                "description": "",
                "from_port": 0,
                "ipv6_cidr_blocks": [],
                "prefix_list_ids": [],
                "protocol": "-1",
                "security_groups": [],
                "self": false,
                "to_port": 0
              }
            ],
            "id": "sg-06a7a03d1d71f2e07",
            "ingress": [
              {
                "cidr_blocks": [
                  "0.0.0.0/0"
                ],
                "description": "",
                "from_port": 22,
                "ipv6_cidr_blocks": [],
                "prefix_list_ids": [],
                "protocol": "tcp",
                "security_groups": [],
                "self": false,
                "to_port": 22
              },
              {
                "cidr_blocks": [
                  "0.0.0.0/0"
                ],
                "description": "",
                "from_port": 80,
                "ipv6_cidr_blocks": [],
                "prefix_list_ids": [],
                "protocol": "tcp",
                "security_groups": [],
                "self": false,
                "to_port": 80
              }
            ],
            "name": "web_security_group",
            "name_prefix": "",
            "owner_id": "312438996097",
            "revoke_rules_on_delete": false,
            "tags": {
              "Name": "web_security_group"
            },
            "tags_all": {
              "Name": "web_security_group"
            },
            "timeouts": null,
            "vpc_id": "vpc-0db23ae6a8cec022b"
          },
          "sensitive_attributes": [],
          "private": "eyJlMmJmYjczMC1lY2FhLTExZTYtOGY4OC0zNDM2M2JjN2M0YzAiOnsiY3JlYXRlIjo2MDAwMDAwMDAwMDAsImRlbGV0ZSI6OTAwMDAwMDAwMDAwfSwic2NoZW1hX3ZlcnNpb24iOiIxIn0=",
          "dependencies": [
            "aws_vpc.main_vpc"
          ]
        }
      ]
    },
    {
      "mode": "managed",
      "type": "aws_subnet",
      "name": "public_subnet_1",
      "provider": "provider[\"registry.terraform.io/hashicorp/aws\"]",
      "instances": [
        {
          "schema_version": 1,
          "attributes": {
            "arn": "arn:aws:ec2:us-east-1:312438996097:subnet/subnet-0fa8fab62bf17ca5f",
            "assign_ipv6_address_on_creation": false,
            "availability_zone": "us-east-1a",
            "availability_zone_id": "use1-az1",
            "cidr_block": "10.0.16.0/24",
            "customer_owned_ipv4_pool": "",
            "enable_dns64": false,
            "enable_lni_at_device_index": 0,
            "enable_resource_name_dns_a_record_on_launch": false,
            "enable_resource_name_dns_aaaa_record_on_launch": false,
            "id": "subnet-0fa8fab62bf17ca5f",
            "ipv6_cidr_block": "",
            "ipv6_cidr_block_association_id": "",
            "ipv6_native": false,
            "map_customer_owned_ip_on_launch": false,
            "map_public_ip_on_launch": false,
            "outpost_arn": "",
            "owner_id": "312438996097",
            "private_dns_hostname_type_on_launch": "ip-name",
            "tags": {
              "Name": "public_subnet_1"
            },
            "tags_all": {
              "Name": "public_subnet_1"
            },
            "timeouts": null,
            "vpc_id": "vpc-0db23ae6a8cec022b"
          },
          "sensitive_attributes": [],
          "private": "eyJlMmJmYjczMC1lY2FhLTExZTYtOGY4OC0zNDM2M2JjN2M0YzAiOnsiY3JlYXRlIjo2MDAwMDAwMDAwMDAsImRlbGV0ZSI6MTIwMDAwMDAwMDAwMH0sInNjaGVtYV92ZXJzaW9uIjoiMSJ9",
          "dependencies": [
            "aws_vpc.main_vpc"
          ]
        }
      ]
    },
    {
      "mode": "managed",
      "type": "aws_subnet",
      "name": "public_subnet_2",
      "provider": "provider[\"registry.terraform.io/hashicorp/aws\"]",
      "instances": [
        {
          "schema_version": 1,
          "attributes": {
            "arn": "arn:aws:ec2:us-east-1:312438996097:subnet/subnet-0dc4fa8e779d1ad59",
            "assign_ipv6_address_on_creation": false,
            "availability_zone": "us-east-1b",
            "availability_zone_id": "use1-az2",
            "cidr_block": "10.0.2.0/24",
            "customer_owned_ipv4_pool": "",
            "enable_dns64": false,
            "enable_lni_at_device_index": 0,
            "enable_resource_name_dns_a_record_on_launch": false,
            "enable_resource_name_dns_aaaa_record_on_launch": false,
            "id": "subnet-0dc4fa8e779d1ad59",
            "ipv6_cidr_block": "",
            "ipv6_cidr_block_association_id": "",
            "ipv6_native": false,
            "map_customer_owned_ip_on_launch": false,
            "map_public_ip_on_launch": false,
            "outpost_arn": "",
            "owner_id": "312438996097",
            "private_dns_hostname_type_on_launch": "ip-name",
            "tags": {
              "Name": "public_subnet_2"
            },
            "tags_all": {
              "Name": "public_subnet_2"
            },
            "timeouts": null,
            "vpc_id": "vpc-0db23ae6a8cec022b"
          },
          "sensitive_attributes": [],
          "private": "eyJlMmJmYjczMC1lY2FhLTExZTYtOGY4OC0zNDM2M2JjN2M0YzAiOnsiY3JlYXRlIjo2MDAwMDAwMDAwMDAsImRlbGV0ZSI6MTIwMDAwMDAwMDAwMH0sInNjaGVtYV92ZXJzaW9uIjoiMSJ9",
          "dependencies": [
            "aws_vpc.main_vpc"
          ]
        }
      ]
    },
    {
      "mode": "managed",
      "type": "aws_vpc",
      "name": "main_vpc",
      "provider": "provider[\"registry.terraform.io/hashicorp/aws\"]",
      "instances": [
        {
          "schema_version": 1,
          "attributes": {
            "arn": "arn:aws:ec2:us-east-1:312438996097:vpc/vpc-0db23ae6a8cec022b",
            "assign_generated_ipv6_cidr_block": false,
            "cidr_block": "10.0.0.0/16",
            "default_network_acl_id": "acl-0e69c2a5cbbad9166",
            "default_route_table_id": "rtb-0b8b6d8adbfda26d5",
            "default_security_group_id": "sg-0fbfffdca4fd760e8",
            "dhcp_options_id": "dopt-1911e97c",
            "enable_dns_hostnames": false,
            "enable_dns_support": true,
            "enable_network_address_usage_metrics": false,
            "id": "vpc-0db23ae6a8cec022b",
            "instance_tenancy": "default",
            "ipv4_ipam_pool_id": null,
            "ipv4_netmask_length": null,
            "ipv6_association_id": "",
            "ipv6_cidr_block": "",
            "ipv6_cidr_block_network_border_group": "",
            "ipv6_ipam_pool_id": "",
            "ipv6_netmask_length": 0,
            "main_route_table_id": "rtb-0b8b6d8adbfda26d5",
            "owner_id": "312438996097",
            "tags": {
              "Name": "main_vpc"
            },
            "tags_all": {
              "Name": "main_vpc"
            }
          },
          "sensitive_attributes": [],
          "private": "eyJzY2hlbWFfdmVyc2lvbiI6IjEifQ=="
        }
      ]
    },
    {
      "mode": "managed",
      "type": "tls_private_key",
      "name": "example",
      "provider": "provider[\"registry.terraform.io/hashicorp/tls\"]",
      "instances": [
        {
          "schema_version": 1,
          "attributes": {
            "algorithm": "RSA",
            "ecdsa_curve": "P224",
            "id": "5f7e8a0068377f9fde48e94a9ea9fbaaf81b9265",
            "private_key_openssh": "-----BEGIN OPENSSH PRIVATE KEY-----\nb3BlbnNzaC1rZXktdjEAAAAABG5vbmUAAAAEbm9uZQAAAAAAAAABAAACFwAAAAdz\nc2gtcnNhAAAAAwEAAQAAAgEAwiZ6Q0gEmX7tyDoetejC8VZFcwxzSxTmmtrn01lt\no3i+1MWRObMhEqLn5EIo5SUCpgd+ofZWj8N32RH+Qw2cyTU+UocoKWouUCBeKxrr\nsxy2FkykgkhSEtLEaUKkUtJx128lj3BE3Iwi5nw7MW8ZQsSDXa99lYOu7Nvps4FV\nysIzf+6PIii70+Pu7QwZJuB2QQ2zw1ajKerhLfUjsveuaA4KlSbQTBZ60JzZ8MxP\nNVC2Ph2BTCSKktLg1GtLwI/3FyCzEawJonAHYzZr1N2UsodM+d1kFJiJd8eF3NDv\nny+zYTlcfsf5V1btxz2CSmgfnasDDkftbDDYGuZhq6zdo1jmVfyRKcqLmts6WPo0\nTeCL29a5yVuBBDWolu1JXIR67kv/GvJPqt/g8ZIWSSyaxsUQxJjKYwlXPSBGFAE0\n/X+5B2A/NMRRvUT8RE9bGAdK0LPjLkwTJKcvKOeJ48Cg3bIlY1rGTsf/L6h/g+w6\nOWBI25sEtwzIYClY2EBT1vgp+SpeFR1FVhDspYkSd35LlVTADsaS+kU8qmdZUHNp\ngLz2UX/fSxUBr9VaRoF78p4p/h7HRX+ylHBTwy42ZGnh0TnfvteOBDWdFGnK4nDk\n+kVkDATP1+at/MmXy7NBx3+2e47lgvXBo+XDA6+i/abn8gmhYXG5YqIa3K+HeLy+\nMoEAAAc45Az1feQM9X0AAAAHc3NoLXJzYQAAAgEAwiZ6Q0gEmX7tyDoetejC8VZF\ncwxzSxTmmtrn01lto3i+1MWRObMhEqLn5EIo5SUCpgd+ofZWj8N32RH+Qw2cyTU+\nUocoKWouUCBeKxrrsxy2FkykgkhSEtLEaUKkUtJx128lj3BE3Iwi5nw7MW8ZQsSD\nXa99lYOu7Nvps4FVysIzf+6PIii70+Pu7QwZJuB2QQ2zw1ajKerhLfUjsveuaA4K\nlSbQTBZ60JzZ8MxPNVC2Ph2BTCSKktLg1GtLwI/3FyCzEawJonAHYzZr1N2UsodM\n+d1kFJiJd8eF3NDvny+zYTlcfsf5V1btxz2CSmgfnasDDkftbDDYGuZhq6zdo1jm\nVfyRKcqLmts6WPo0TeCL29a5yVuBBDWolu1JXIR67kv/GvJPqt/g8ZIWSSyaxsUQ\nxJjKYwlXPSBGFAE0/X+5B2A/NMRRvUT8RE9bGAdK0LPjLkwTJKcvKOeJ48Cg3bIl\nY1rGTsf/L6h/g+w6OWBI25sEtwzIYClY2EBT1vgp+SpeFR1FVhDspYkSd35LlVTA\nDsaS+kU8qmdZUHNpgLz2UX/fSxUBr9VaRoF78p4p/h7HRX+ylHBTwy42ZGnh0Tnf\nvteOBDWdFGnK4nDk+kVkDATP1+at/MmXy7NBx3+2e47lgvXBo+XDA6+i/abn8gmh\nYXG5YqIa3K+HeLy+MoEAAAADAQABAAACADkfPQWioMfQkoFAqFx5GTIMYe6RkTJb\n+eVB1sdWHm3kTrEnV60USPzEtVlxJbsVgov61IUuhxVRO2fAZYCw9po0chux7F0T\nAoFMpKgmCYbvQZuZ/STfxlYHcQZPNy2vAROTfgePzpLdID+T+Y5304TTcJsV0Os2\njTbfFQldWjKHpMNVGwO/3FNhUqCn2JaZn/FP6L3mNadVld8Bqvky6jtvNinf+5UH\nYCcUnwK7+eoDzzrDT5FphuPf64pT7zu+n8JMOqNObJ9AOswz7NH6R4+nQzyYqKNu\npbN6HqZzSq0ZSbunNtGOYIwT5W2jaTwfGn43HHUNMIuOa2autbne6G5tvZyh4b/Y\nFZrb+2xEDG7a12u5655w0rUeu6U7Bq2pW2y+OvlRv+NwSj97YVjFOAgc8/ss4bds\n2VmNe+vt7S2yQbgs9xt1mhPxQqrbuh617NuKkQFU5/21fRUBQWdO0g3zwp/akBqH\n2sAkiCjVs1kNWq9k+rUsWFwVqDxLUyQLia007eXrNUO92f7X34xTDot1sdofBRhJ\nJOWpKhKq+UIymoHABIQ17c8sJnUcFKbBNthlBTQJGfWB49A8L0v3LDriL8e9kShS\na0JeAL3B0V8856fAhaM0891Xgt6QM9rPqS8FpX4/5lBAWr6YAbCmHOtk2rEdzGkN\nXNlDJxUtpQABAAABAFRRIx3hJU6L5jYxLvKSCqR7kvfEoh5fqZne47Zkt8XcaoFM\nHhcEyuaugLygRXKrMJXdhOSDhZo57DRJniP9K97Xh55Kp7MuLqYvirt/9insiGLN\nwPR6bxO7/Z+UPWrU9XlfJ2RMED2tv8a1KYKPqi2HeO5uyiUNfRWOdEvprOMAKaR7\nWBz0wHqRF5iyTWsLfisnv8nCbC17SOQiaNugE72lhhl2kK/LFnYlgE94vIsBNRmK\nVh8dI4rpgUiQCX8dSV844pQcVVb2ghKFTFe/pq3Ucj5tRWJHcz6QlCz/QhwZhni2\nrSwbhPUSlHAYcZN9MBCXfAulEKVH/jj39wFFMoMAAAEBAOFln9PKOQCTBjngnUxx\nGszhAIEWKWPGLPRHyKJ/ydatl6f1d0qJ8+W2j9LJNWt4sPRHDFRQlvAwS8xltgrF\n9dknlJk53nj7io0THFm/agAne7T33RA+BoRaBvbJXIAUNU+VyCLTLj/jdfHGixMa\nIx9Icj7aRF74WD3pjVOp4Y1e5dXj20t1WfY8b7/V9rZWmtISevycore1KUdNRf3n\njPB0XbZcFI7PM2r0T6t58mWB1gmJStJoX9Ti9y1WrmmlBXX04FfIrlPP5OYl34dK\nAOF/U0OwsWVltcSBQ0VeC1TGvB5pm0kFddMQVyiZiYNmGZZCMFDaXuMxXc6m7dVG\npgEAAAEBANyCxxtjopCz9FVuVc0IcD0WOwqOI3Qd29R5GkCJ/s2mzu5/K4TP7Ac7\n4intkCYhkCIlWnhLv/S19AZmp5jKzY9DHEjL0SxhunDfaNLj2IMzWchzgqaIUUjY\nqFk71Y4DhsViccDOSH6xAgcfLxkrXLC9wMBSx8SnlaknTrNsLXZLZcUTPbVOGaSp\nnZxvj/Yl6MvXZrCdQ9jfLC40Fdzu/bR+fuSKTLeBoGwhEX0BI9uKNa4WiJmdLSXR\nlPVh7Re8CddfR5Q7Qo6QBeN16Lk8pJoadO9b6Gpn3zR0y8fYs7QjJVb8bJT2YfnN\n562dc+3LslmIzR9PkAeW9bRKI/lcjIEAAAAAAQID\n-----END OPENSSH PRIVATE KEY-----\n",
            "private_key_pem": "-----BEGIN RSA PRIVATE KEY-----\nMIIJJwIBAAKCAgEAwiZ6Q0gEmX7tyDoetejC8VZFcwxzSxTmmtrn01lto3i+1MWR\nObMhEqLn5EIo5SUCpgd+ofZWj8N32RH+Qw2cyTU+UocoKWouUCBeKxrrsxy2Fkyk\ngkhSEtLEaUKkUtJx128lj3BE3Iwi5nw7MW8ZQsSDXa99lYOu7Nvps4FVysIzf+6P\nIii70+Pu7QwZJuB2QQ2zw1ajKerhLfUjsveuaA4KlSbQTBZ60JzZ8MxPNVC2Ph2B\nTCSKktLg1GtLwI/3FyCzEawJonAHYzZr1N2UsodM+d1kFJiJd8eF3NDvny+zYTlc\nfsf5V1btxz2CSmgfnasDDkftbDDYGuZhq6zdo1jmVfyRKcqLmts6WPo0TeCL29a5\nyVuBBDWolu1JXIR67kv/GvJPqt/g8ZIWSSyaxsUQxJjKYwlXPSBGFAE0/X+5B2A/\nNMRRvUT8RE9bGAdK0LPjLkwTJKcvKOeJ48Cg3bIlY1rGTsf/L6h/g+w6OWBI25sE\ntwzIYClY2EBT1vgp+SpeFR1FVhDspYkSd35LlVTADsaS+kU8qmdZUHNpgLz2UX/f\nSxUBr9VaRoF78p4p/h7HRX+ylHBTwy42ZGnh0TnfvteOBDWdFGnK4nDk+kVkDATP\n1+at/MmXy7NBx3+2e47lgvXBo+XDA6+i/abn8gmhYXG5YqIa3K+HeLy+MoECAwEA\nAQKCAgA5Hz0FoqDH0JKBQKhceRkyDGHukZEyW/nlQdbHVh5t5E6xJ1etFEj8xLVZ\ncSW7FYKL+tSFLocVUTtnwGWAsPaaNHIbsexdEwKBTKSoJgmG70Gbmf0k38ZWB3EG\nTzctrwETk34Hj86S3SA/k/mOd9OE03CbFdDrNo023xUJXVoyh6TDVRsDv9xTYVKg\np9iWmZ/xT+i95jWnVZXfAar5Muo7bzYp3/uVB2AnFJ8Cu/nqA886w0+RaYbj3+uK\nU+87vp/CTDqjTmyfQDrMM+zR+kePp0M8mKijbqWzeh6mc0qtGUm7pzbRjmCME+Vt\no2k8Hxp+Nxx1DTCLjmtmrrW53uhubb2coeG/2BWa2/tsRAxu2tdrueuecNK1Hrul\nOwatqVtsvjr5Ub/jcEo/e2FYxTgIHPP7LOG3bNlZjXvr7e0tskG4LPcbdZoT8UKq\n27oetezbipEBVOf9tX0VAUFnTtIN88Kf2pAah9rAJIgo1bNZDVqvZPq1LFhcFag8\nS1MkC4mtNO3l6zVDvdn+19+MUw6LdbHaHwUYSSTlqSoSqvlCMpqBwASENe3PLCZ1\nHBSmwTbYZQU0CRn1gePQPC9L9yw64i/HvZEoUmtCXgC9wdFfPOenwIWjNPPdV4Le\nkDPaz6kvBaV+P+ZQQFq+mAGwphzrZNqxHcxpDVzZQycVLaUAAQKCAQEA4WWf08o5\nAJMGOeCdTHEazOEAgRYpY8Ys9EfIon/J1q2Xp/V3Sonz5baP0sk1a3iw9EcMVFCW\n8DBLzGW2CsX12SeUmTneePuKjRMcWb9qACd7tPfdED4GhFoG9slcgBQ1T5XIItMu\nP+N18caLExojH0hyPtpEXvhYPemNU6nhjV7l1ePbS3VZ9jxvv9X2tlaa0hJ6/Jyi\nt7UpR01F/eeM8HRdtlwUjs8zavRPq3nyZYHWCYlK0mhf1OL3LVauaaUFdfTgV8iu\nU8/k5iXfh0oA4X9TQ7CxZWW1xIFDRV4LVMa8HmmbSQV10xBXKJmJg2YZlkIwUNpe\n4zFdzqbt1UamAQKCAQEA3ILHG2OikLP0VW5VzQhwPRY7Co4jdB3b1HkaQIn+zabO\n7n8rhM/sBzviKe2QJiGQIiVaeEu/9LX0BmanmMrNj0McSMvRLGG6cN9o0uPYgzNZ\nyHOCpohRSNioWTvVjgOGxWJxwM5IfrECBx8vGStcsL3AwFLHxKeVqSdOs2wtdktl\nxRM9tU4ZpKmdnG+P9iXoy9dmsJ1D2N8sLjQV3O79tH5+5IpMt4GgbCERfQEj24o1\nrhaImZ0tJdGU9WHtF7wJ119HlDtCjpAF43XouTykmhp071voamffNHTLx9iztCMl\nVvxslPZh+c3nrZ1z7cuyWYjNH0+QB5b1tEoj+VyMgQKCAQAJBkif8jjWDQzyxEuI\nA/9OtLOQd5Kwq/6gyT7/Qp6SOeEYmHtuQJfDWsvnZKb+5pYvMakMty1T8JsYU/o1\n9DcjurH4cJi3v1qMy3cXINLdrrcFR+dR/ynDotckimtptWVtClI5EruHU1Qlmg13\ndlRxrDTmz1ZtdwQRdohyERs2zdXl+nmNS+WONl1DEQ4Pvuf0AUlrU9owANDmSfHD\neMHr3rzh0E4CacllPuLxurA54DjxqM2WHxe3Ll83MYFKOZE+Z8+TtDVGpcxEar/I\nau4eGTr8OtbfeHMOqx5GaL2LZ2mgzhmpks5k5QKYXY1j9XKQ0ZWdpyCleBSJcaWU\nJIABAoIBACHB/5tI0I1Yj1I41vfRj+U6LwW5puHS5GGNvKAewBxZqhpG67GkZxzg\nZQpILSY5QyiHEWeTKSrcZCRKuOOiQH/rJTxbv4UM3Q8ElLacXPwQ83DFhj3aZp9B\nU9x9VX8tOQekv4dlzSFgFdBjTMGMqt7/3a9TvPN1OGsx8lFzgS438reN74d/Elvr\n/44AYkirmw0Bx93H5agg2lGkdahiCgMEzoZMSdxaAuYq1dOORiAI85jYKEdkEZJV\nmHlMaZCVn+gR1RJzVAghMlWVKnCZQRW6cSZnqpgHmNsd+kh4+2Hbc47yi+juIyes\nBwjELwg7g+1DDSv68TDIQos8Qm+dZIECggEAVFEjHeElTovmNjEu8pIKpHuS98Si\nHl+pmd7jtmS3xdxqgUweFwTK5q6AvKBFcqswld2E5IOFmjnsNEmeI/0r3teHnkqn\nsy4upi+Ku3/2KeyIYs3A9HpvE7v9n5Q9atT1eV8nZEwQPa2/xrUpgo+qLYd47m7K\nJQ19FY50S+ms4wAppHtYHPTAepEXmLJNawt+Kye/ycJsLXtI5CJo26ATvaWGGXaQ\nr8sWdiWAT3i8iwE1GYpWHx0jiumBSJAJfx1JXzjilBxVVvaCEoVMV7+mrdRyPm1F\nYkdzPpCULP9CHBmGeLatLBuE9RKUcBhxk30wEJd8C6UQpUf+OPf3AUUygw==\n-----END RSA PRIVATE KEY-----\n",
            "private_key_pem_pkcs8": "-----BEGIN PRIVATE KEY-----\nMIIJQQIBADANBgkqhkiG9w0BAQEFAASCCSswggknAgEAAoICAQDCJnpDSASZfu3I\nOh616MLxVkVzDHNLFOaa2ufTWW2jeL7UxZE5syESoufkQijlJQKmB36h9laPw3fZ\nEf5DDZzJNT5Shygpai5QIF4rGuuzHLYWTKSCSFIS0sRpQqRS0nHXbyWPcETcjCLm\nfDsxbxlCxINdr32Vg67s2+mzgVXKwjN/7o8iKLvT4+7tDBkm4HZBDbPDVqMp6uEt\n9SOy965oDgqVJtBMFnrQnNnwzE81ULY+HYFMJIqS0uDUa0vAj/cXILMRrAmicAdj\nNmvU3ZSyh0z53WQUmIl3x4Xc0O+fL7NhOVx+x/lXVu3HPYJKaB+dqwMOR+1sMNga\n5mGrrN2jWOZV/JEpyoua2zpY+jRN4Ivb1rnJW4EENaiW7UlchHruS/8a8k+q3+Dx\nkhZJLJrGxRDEmMpjCVc9IEYUATT9f7kHYD80xFG9RPxET1sYB0rQs+MuTBMkpy8o\n54njwKDdsiVjWsZOx/8vqH+D7Do5YEjbmwS3DMhgKVjYQFPW+Cn5Kl4VHUVWEOyl\niRJ3fkuVVMAOxpL6RTyqZ1lQc2mAvPZRf99LFQGv1VpGgXvynin+HsdFf7KUcFPD\nLjZkaeHROd++144ENZ0UacricOT6RWQMBM/X5q38yZfLs0HHf7Z7juWC9cGj5cMD\nr6L9pufyCaFhcbliohrcr4d4vL4ygQIDAQABAoICADkfPQWioMfQkoFAqFx5GTIM\nYe6RkTJb+eVB1sdWHm3kTrEnV60USPzEtVlxJbsVgov61IUuhxVRO2fAZYCw9po0\nchux7F0TAoFMpKgmCYbvQZuZ/STfxlYHcQZPNy2vAROTfgePzpLdID+T+Y5304TT\ncJsV0Os2jTbfFQldWjKHpMNVGwO/3FNhUqCn2JaZn/FP6L3mNadVld8Bqvky6jtv\nNinf+5UHYCcUnwK7+eoDzzrDT5FphuPf64pT7zu+n8JMOqNObJ9AOswz7NH6R4+n\nQzyYqKNupbN6HqZzSq0ZSbunNtGOYIwT5W2jaTwfGn43HHUNMIuOa2autbne6G5t\nvZyh4b/YFZrb+2xEDG7a12u5655w0rUeu6U7Bq2pW2y+OvlRv+NwSj97YVjFOAgc\n8/ss4bds2VmNe+vt7S2yQbgs9xt1mhPxQqrbuh617NuKkQFU5/21fRUBQWdO0g3z\nwp/akBqH2sAkiCjVs1kNWq9k+rUsWFwVqDxLUyQLia007eXrNUO92f7X34xTDot1\nsdofBRhJJOWpKhKq+UIymoHABIQ17c8sJnUcFKbBNthlBTQJGfWB49A8L0v3LDri\nL8e9kShSa0JeAL3B0V8856fAhaM0891Xgt6QM9rPqS8FpX4/5lBAWr6YAbCmHOtk\n2rEdzGkNXNlDJxUtpQABAoIBAQDhZZ/TyjkAkwY54J1McRrM4QCBFiljxiz0R8ii\nf8nWrZen9XdKifPlto/SyTVreLD0RwxUUJbwMEvMZbYKxfXZJ5SZOd54+4qNExxZ\nv2oAJ3u0990QPgaEWgb2yVyAFDVPlcgi0y4/43XxxosTGiMfSHI+2kRe+Fg96Y1T\nqeGNXuXV49tLdVn2PG+/1fa2VprSEnr8nKK3tSlHTUX954zwdF22XBSOzzNq9E+r\nefJlgdYJiUrSaF/U4vctVq5ppQV19OBXyK5Tz+TmJd+HSgDhf1NDsLFlZbXEgUNF\nXgtUxrweaZtJBXXTEFcomYmDZhmWQjBQ2l7jMV3Opu3VRqYBAoIBAQDcgscbY6KQ\ns/RVblXNCHA9FjsKjiN0HdvUeRpAif7Nps7ufyuEz+wHO+Ip7ZAmIZAiJVp4S7/0\ntfQGZqeYys2PQxxIy9EsYbpw32jS49iDM1nIc4KmiFFI2KhZO9WOA4bFYnHAzkh+\nsQIHHy8ZK1ywvcDAUsfEp5WpJ06zbC12S2XFEz21ThmkqZ2cb4/2JejL12awnUPY\n3ywuNBXc7v20fn7kiky3gaBsIRF9ASPbijWuFoiZnS0l0ZT1Ye0XvAnXX0eUO0KO\nkAXjdei5PKSaGnTvW+hqZ980dMvH2LO0IyVW/GyU9mH5zeetnXPty7JZiM0fT5AH\nlvW0SiP5XIyBAoIBAAkGSJ/yONYNDPLES4gD/060s5B3krCr/qDJPv9CnpI54RiY\ne25Al8Nay+dkpv7mli8xqQy3LVPwmxhT+jX0NyO6sfhwmLe/WozLdxcg0t2utwVH\n51H/KcOi1ySKa2m1ZW0KUjkSu4dTVCWaDXd2VHGsNObPVm13BBF2iHIRGzbN1eX6\neY1L5Y42XUMRDg++5/QBSWtT2jAA0OZJ8cN4wevevOHQTgJpyWU+4vG6sDngOPGo\nzZYfF7cuXzcxgUo5kT5nz5O0NUalzERqv8hq7h4ZOvw61t94cw6rHkZovYtnaaDO\nGamSzmTlAphdjWP1cpDRlZ2nIKV4FIlxpZQkgAECggEAIcH/m0jQjViPUjjW99GP\n5TovBbmm4dLkYY28oB7AHFmqGkbrsaRnHOBlCkgtJjlDKIcRZ5MpKtxkJEq446JA\nf+slPFu/hQzdDwSUtpxc/BDzcMWGPdpmn0FT3H1Vfy05B6S/h2XNIWAV0GNMwYyq\n3v/dr1O883U4azHyUXOBLjfyt43vh38SW+v/jgBiSKubDQHH3cflqCDaUaR1qGIK\nAwTOhkxJ3FoC5irV045GIAjzmNgoR2QRklWYeUxpkJWf6BHVEnNUCCEyVZUqcJlB\nFbpxJmeqmAeY2x36SHj7YdtzjvKL6O4jJ6wHCMQvCDuD7UMNK/rxMMhCizxCb51k\ngQKCAQBUUSMd4SVOi+Y2MS7ykgqke5L3xKIeX6mZ3uO2ZLfF3GqBTB4XBMrmroC8\noEVyqzCV3YTkg4WaOew0SZ4j/Sve14eeSqezLi6mL4q7f/Yp7IhizcD0em8Tu/2f\nlD1q1PV5XydkTBA9rb/GtSmCj6oth3jubsolDX0VjnRL6azjACmke1gc9MB6kReY\nsk1rC34rJ7/Jwmwte0jkImjboBO9pYYZdpCvyxZ2JYBPeLyLATUZilYfHSOK6YFI\nkAl/HUlfOOKUHFVW9oIShUxXv6at1HI+bUViR3M+kJQs/0IcGYZ4tq0sG4T1EpRw\nGHGTfTAQl3wLpRClR/449/cBRTKD\n-----END PRIVATE KEY-----\n",
            "public_key_fingerprint_md5": "43:dd:bc:97:c5:7d:85:64:64:a5:ce:a7:5b:61:e8:36",
            "public_key_fingerprint_sha256": "SHA256:uZol8NZ0g/NWcGXiz+wHxnq1Eh/+N402D5W06KVRhZ4",
            "public_key_openssh": "ssh-rsa AAAAB3NzaC1yc2EAAAADAQABAAACAQDCJnpDSASZfu3IOh616MLxVkVzDHNLFOaa2ufTWW2jeL7UxZE5syESoufkQijlJQKmB36h9laPw3fZEf5DDZzJNT5Shygpai5QIF4rGuuzHLYWTKSCSFIS0sRpQqRS0nHXbyWPcETcjCLmfDsxbxlCxINdr32Vg67s2+mzgVXKwjN/7o8iKLvT4+7tDBkm4HZBDbPDVqMp6uEt9SOy965oDgqVJtBMFnrQnNnwzE81ULY+HYFMJIqS0uDUa0vAj/cXILMRrAmicAdjNmvU3ZSyh0z53WQUmIl3x4Xc0O+fL7NhOVx+x/lXVu3HPYJKaB+dqwMOR+1sMNga5mGrrN2jWOZV/JEpyoua2zpY+jRN4Ivb1rnJW4EENaiW7UlchHruS/8a8k+q3+DxkhZJLJrGxRDEmMpjCVc9IEYUATT9f7kHYD80xFG9RPxET1sYB0rQs+MuTBMkpy8o54njwKDdsiVjWsZOx/8vqH+D7Do5YEjbmwS3DMhgKVjYQFPW+Cn5Kl4VHUVWEOyliRJ3fkuVVMAOxpL6RTyqZ1lQc2mAvPZRf99LFQGv1VpGgXvynin+HsdFf7KUcFPDLjZkaeHROd++144ENZ0UacricOT6RWQMBM/X5q38yZfLs0HHf7Z7juWC9cGj5cMDr6L9pufyCaFhcbliohrcr4d4vL4ygQ==\n",
            "public_key_pem": "-----BEGIN PUBLIC KEY-----\nMIICIjANBgkqhkiG9w0BAQEFAAOCAg8AMIICCgKCAgEAwiZ6Q0gEmX7tyDoetejC\n8VZFcwxzSxTmmtrn01lto3i+1MWRObMhEqLn5EIo5SUCpgd+ofZWj8N32RH+Qw2c\nyTU+UocoKWouUCBeKxrrsxy2FkykgkhSEtLEaUKkUtJx128lj3BE3Iwi5nw7MW8Z\nQsSDXa99lYOu7Nvps4FVysIzf+6PIii70+Pu7QwZJuB2QQ2zw1ajKerhLfUjsveu\naA4KlSbQTBZ60JzZ8MxPNVC2Ph2BTCSKktLg1GtLwI/3FyCzEawJonAHYzZr1N2U\nsodM+d1kFJiJd8eF3NDvny+zYTlcfsf5V1btxz2CSmgfnasDDkftbDDYGuZhq6zd\no1jmVfyRKcqLmts6WPo0TeCL29a5yVuBBDWolu1JXIR67kv/GvJPqt/g8ZIWSSya\nxsUQxJjKYwlXPSBGFAE0/X+5B2A/NMRRvUT8RE9bGAdK0LPjLkwTJKcvKOeJ48Cg\n3bIlY1rGTsf/L6h/g+w6OWBI25sEtwzIYClY2EBT1vgp+SpeFR1FVhDspYkSd35L\nlVTADsaS+kU8qmdZUHNpgLz2UX/fSxUBr9VaRoF78p4p/h7HRX+ylHBTwy42ZGnh\n0TnfvteOBDWdFGnK4nDk+kVkDATP1+at/MmXy7NBx3+2e47lgvXBo+XDA6+i/abn\n8gmhYXG5YqIa3K+HeLy+MoECAwEAAQ==\n-----END PUBLIC KEY-----\n",
            "rsa_bits": 4096
          },
          "sensitive_attributes": []
        }
      ]
    }
  ],
  "check_results": null
}
